{
  "name": "jamur",
  "lockfileVersion": 3,
  "requires": true,
  "packages": {
    "": {
      "dependencies": {
        "lighterhtml": "^0.9.0"
      }
    },
    "node_modules/@ungap/create-content": {
      "version": "0.1.4",
      "resolved": "https://registry.npmjs.org/@ungap/create-content/-/create-content-0.1.4.tgz",
      "integrity": "sha512-YM6YQkF5wUxJlw5yDzEAzJfPK/kXR/GxIARx4NNJCInfx/nirHmy3ujPjfi7CaXjcVCwyfpv3vKQm6h762lbRA=="
    },
    "node_modules/@ungap/essential-map": {
      "version": "0.1.7",
      "resolved": "https://registry.npmjs.org/@ungap/essential-map/-/essential-map-0.1.7.tgz",
      "integrity": "sha512-zkugZ6xxu0tHHTOfoce5B7ax2anIRP7hGIwKh5MEWH5mWPNXLigxEubkKv5WLUsFELCdKaMfjdqfI0H0/tLhpw=="
    },
    "node_modules/@ungap/import-node": {
      "version": "0.1.0",
      "resolved": "https://registry.npmjs.org/@ungap/import-node/-/import-node-0.1.0.tgz",
      "integrity": "sha512-FymNeJTWYNrZcnj7HFJwdaAZWrD1bUv8Na60RGIA142qtaRcOZs0KHGh+QSy7u7GNpW6wGnw9EdCQx4IYPE8cg=="
    },
    "node_modules/@ungap/template-literal": {
      "version": "0.1.3",
      "resolved": "https://registry.npmjs.org/@ungap/template-literal/-/template-literal-0.1.3.tgz",
      "integrity": "sha512-Aq8rtiS7gl+Lr5gsJth4msma13U8jT8mvLcwl5ywuG78gYw0geS9LZHtukmoznSk4zeIQLsdHNbj8jGsyOi9NA=="
    },
    "node_modules/@ungap/template-tag-arguments": {
      "version": "0.1.1",
      "resolved": "https://registry.npmjs.org/@ungap/template-tag-arguments/-/template-tag-arguments-0.1.1.tgz",
      "integrity": "sha512-I65wDfgfLaqtCXATTQmudZ92Pp9rtM2+9uvsKP8JPiGoN+XsM7dM7NYWnYX8nt7DU/Z4qZNRwTib+xYPNuB10w==",
      "dependencies": {
        "@ungap/template-literal": "^0.1.3"
      }
    },
    "node_modules/@ungap/trim": {
      "version": "0.1.1",
      "resolved": "https://registry.npmjs.org/@ungap/trim/-/trim-0.1.1.tgz",
      "integrity": "sha512-f2jiPMFD8qmoNV5kxZ6RwSwmnloxtGUcG3W5Fbe9rC3vwXlPxWT0g5J0mN3+rM9C/u1p24gIVTSxNBPOtyu7Sw=="
    },
    "node_modules/@ungap/weakmap": {
      "version": "0.1.4",
      "resolved": "https://registry.npmjs.org/@ungap/weakmap/-/weakmap-0.1.4.tgz",
      "integrity": "sha512-TO4TTwlQXdjHKoWgKxsMqApnOV8JruaNilqOg0I04MTYb5+fj9taIVijS4ILwWg0ytQY5DwTKzPWj+0G+7bsXw=="
    },
    "node_modules/domdiff": {
      "version": "2.2.2",
      "resolved": "https://registry.npmjs.org/domdiff/-/domdiff-2.2.2.tgz",
      "integrity": "sha512-Pv7aH5JfjNIkLRKkah+T3Kd41Gy+7GU+5dmPsOZZXsCJ34QR1i7CCiWraUn1c/a40htShxAQ8mHJR2OqPd12+Q==",
      "dependencies": {
        "uarray": "^1.0.0"
      }
    },
    "node_modules/domtagger": {
      "version": "0.2.3",
      "resolved": "https://registry.npmjs.org/domtagger/-/domtagger-0.2.3.tgz",
      "integrity": "sha512-rEJNe3JqS7tth78ysOGvl2hMQKx9jABjsF76T6MRYjEnzbzLXZsJmTMrreUtybIw4TwRDRkT8UeP854omaiTkA==",
      "dependencies": {
        "@ungap/create-content": "^0.1.4",
        "@ungap/essential-map": "^0.1.7",
        "@ungap/import-node": "^0.1.0",
        "@ungap/trim": "^0.1.1",
        "@ungap/weakmap": "^0.1.4"
      }
    },
    "node_modules/hyperhtml-style": {
      "version": "0.1.3",
      "resolved": "https://registry.npmjs.org/hyperhtml-style/-/hyperhtml-style-0.1.3.tgz",
      "integrity": "sha512-IvLy8MzHTSJ0fDpSzrb8rcdnla6yROEmNBSxInEMyIFu2DQkbmpadTf6B4fHvnytN6iHL2gGwpe5/jHL3wMi+A=="
    },
    "node_modules/hyperhtml-wire": {
      "version": "2.1.1",
      "resolved": "https://registry.npmjs.org/hyperhtml-wire/-/hyperhtml-wire-2.1.1.tgz",
      "integrity": "sha512-6rOTnb+BSWIsNaqiji01BdV8qyhwyCT38aGmG5k37JQeI9n+lwgvFsq0/G7wNAh5NuGdAaWUl1umbjrW7fj++w=="
    },
    "node_modules/lighterhtml": {
      "version": "0.9.0",
      "resolved": "https://registry.npmjs.org/lighterhtml/-/lighterhtml-0.9.0.tgz",
      "integrity": "sha512-FtpwzeijbnfWv3pvKc2KT7eomA9kd62+rb5gbJcFVO5IC7FUlEFRGcBjHHUhVvAtkCNVg/e7SsUfgDAox30b1Q==",
      "dependencies": {
        "@ungap/create-content": "^0.1.4",
        "@ungap/template-tag-arguments": "^0.1.1",
        "@ungap/weakmap": "^0.1.4",
        "domdiff": "^2.0.3",
        "domtagger": "^0.2.3",
        "hyperhtml-style": "^0.1.2",
        "hyperhtml-wire": "^2.1.0"
      }
    },
    "node_modules/uarray": {
      "version": "1.0.0",
      "resolved": "https://registry.npmjs.org/uarray/-/uarray-1.0.0.tgz",
      "integrity": "sha512-LHmiAd5QuAv7pU2vbh+Zq9YOnqVK0H764p2Ozinpfy9ka58OID4IsGLiXsitqH7n0NAIDxvax1A/kDXpii/Ckg=="
    }
  }
}
